
Microsoft Visual Studio Solution File, Format Version 12.00
# Visual Studio Version 17
VisualStudioVersion = 17.4.33205.214
MinimumVisualStudioVersion = 10.0.40219.1
Project("{FAE04EC0-301F-11D3-BF4B-00C04F79EFBC}") = "MP.ApiDotNet6.Domain", "MP.ApiDotNet6.Domain\MP.ApiDotNet6.Domain.csproj", "{41491B2E-4439-4214-84D9-12A369511631}"
EndProject
Project("{FAE04EC0-301F-11D3-BF4B-00C04F79EFBC}") = "MP.ApiDotNet6.Infra.Data", "MP.ApiDotNet6.Infra.Data\MP.ApiDotNet6.Infra.Data.csproj", "{BCB66375-3A4A-4783-9A7E-D1486C6E5C15}"
EndProject
Project("{FAE04EC0-301F-11D3-BF4B-00C04F79EFBC}") = "MP.ApiDotNet6.Infra.IoC", "MP.ApiDotNet6.Infra.IoC\MP.ApiDotNet6.Infra.IoC.csproj", "{6A5C963E-8427-4D1B-A72D-3BF3D7C2D896}"
EndProject
Project("{FAE04EC0-301F-11D3-BF4B-00C04F79EFBC}") = "MP.ApiDotNet6.Application", "MP.ApiDotNet6.Application\MP.ApiDotNet6.Application.csproj", "{6FA7A630-D84E-4AB6-89F1-6D42BB80C302}"
EndProject
Project("{FAE04EC0-301F-11D3-BF4B-00C04F79EFBC}") = "MP.ApiDotNet6.Api", "MP.ApiDotNet6.Api\MP.ApiDotNet6.Api.csproj", "{CC0C9282-4263-44D9-8CE8-F1F6108DE7F9}"
EndProject
Global
	GlobalSection(SolutionConfigurationPlatforms) = preSolution
		Debug|Any CPU = Debug|Any CPU
		Release|Any CPU = Release|Any CPU
	EndGlobalSection
	GlobalSection(ProjectConfigurationPlatforms) = postSolution
		{41491B2E-4439-4214-84D9-12A369511631}.Debug|Any CPU.ActiveCfg = Debug|Any CPU
		{41491B2E-4439-4214-84D9-12A369511631}.Debug|Any CPU.Build.0 = Debug|Any CPU
		{41491B2E-4439-4214-84D9-12A369511631}.Release|Any CPU.ActiveCfg = Release|Any CPU
		{41491B2E-4439-4214-84D9-12A369511631}.Release|Any CPU.Build.0 = Release|Any CPU
		{BCB66375-3A4A-4783-9A7E-D1486C6E5C15}.Debug|Any CPU.ActiveCfg = Debug|Any CPU
		{BCB66375-3A4A-4783-9A7E-D1486C6E5C15}.Debug|Any CPU.Build.0 = Debug|Any CPU
		{BCB66375-3A4A-4783-9A7E-D1486C6E5C15}.Release|Any CPU.ActiveCfg = Release|Any CPU
		{BCB66375-3A4A-4783-9A7E-D1486C6E5C15}.Release|Any CPU.Build.0 = Release|Any CPU
		{6A5C963E-8427-4D1B-A72D-3BF3D7C2D896}.Debug|Any CPU.ActiveCfg = Debug|Any CPU
		{6A5C963E-8427-4D1B-A72D-3BF3D7C2D896}.Debug|Any CPU.Build.0 = Debug|Any CPU
		{6A5C963E-8427-4D1B-A72D-3BF3D7C2D896}.Release|Any CPU.ActiveCfg = Release|Any CPU
		{6A5C963E-8427-4D1B-A72D-3BF3D7C2D896}.Release|Any CPU.Build.0 = Release|Any CPU
		{6FA7A630-D84E-4AB6-89F1-6D42BB80C302}.Debug|Any CPU.ActiveCfg = Debug|Any CPU
		{6FA7A630-D84E-4AB6-89F1-6D42BB80C302}.Debug|Any CPU.Build.0 = Debug|Any CPU
		{6FA7A630-D84E-4AB6-89F1-6D42BB80C302}.Release|Any CPU.ActiveCfg = Release|Any CPU
		{6FA7A630-D84E-4AB6-89F1-6D42BB80C302}.Release|Any CPU.Build.0 = Release|Any CPU
		{CC0C9282-4263-44D9-8CE8-F1F6108DE7F9}.Debug|Any CPU.ActiveCfg = Debug|Any CPU
		{CC0C9282-4263-44D9-8CE8-F1F6108DE7F9}.Debug|Any CPU.Build.0 = Debug|Any CPU
		{CC0C9282-4263-44D9-8CE8-F1F6108DE7F9}.Release|Any CPU.ActiveCfg = Release|Any CPU
		{CC0C9282-4263-44D9-8CE8-F1F6108DE7F9}.Release|Any CPU.Build.0 = Release|Any CPU
	EndGlobalSection
	GlobalSection(SolutionProperties) = preSolution
		HideSolutionNode = FALSE
	EndGlobalSection
	GlobalSection(ExtensibilityGlobals) = postSolution
		SolutionGuid = {33FD105F-68C7-46DC-AB18-11CB1A0CA880}
	EndGlobalSection
EndGlobal
